
Microsoft Visual Studio Solution File, Format Version 12.00
# Visual Studio 15
VisualStudioVersion = 15.0.27004.2002
MinimumVisualStudioVersion = 10.0.40219.1
Project("{FAE04EC0-301F-11D3-BF4B-00C04F79EFBC}") = "FormCore", "Backend\FormCore.csproj", "{1E09F3FC-831E-4871-9B7E-A43EF42C70C7}"
EndProject
Project("{FAE04EC0-301F-11D3-BF4B-00C04F79EFBC}") = "FormCoreTest", "BackendTest\FormCoreTest.csproj", "{08500F42-D71E-4F90-9EEB-1CB766AB07CC}"
EndProject
Global
	GlobalSection(SolutionConfigurationPlatforms) = preSolution
		Debug|Any CPU = Debug|Any CPU
		Release|Any CPU = Release|Any CPU
	EndGlobalSection
	GlobalSection(ProjectConfigurationPlatforms) = postSolution
		{1E09F3FC-831E-4871-9B7E-A43EF42C70C7}.Debug|Any CPU.ActiveCfg = Debug|Any CPU
		{1E09F3FC-831E-4871-9B7E-A43EF42C70C7}.Debug|Any CPU.Build.0 = Debug|Any CPU
		{1E09F3FC-831E-4871-9B7E-A43EF42C70C7}.Release|Any CPU.ActiveCfg = Debug|Any CPU
		{1E09F3FC-831E-4871-9B7E-A43EF42C70C7}.Release|Any CPU.Build.0 = Debug|Any CPU
		{08500F42-D71E-4F90-9EEB-1CB766AB07CC}.Debug|Any CPU.ActiveCfg = Debug|Any CPU
		{08500F42-D71E-4F90-9EEB-1CB766AB07CC}.Debug|Any CPU.Build.0 = Debug|Any CPU
		{08500F42-D71E-4F90-9EEB-1CB766AB07CC}.Release|Any CPU.ActiveCfg = Debug|Any CPU
		{08500F42-D71E-4F90-9EEB-1CB766AB07CC}.Release|Any CPU.Build.0 = Debug|Any CPU
	EndGlobalSection
	GlobalSection(SolutionProperties) = preSolution
		HideSolutionNode = FALSE
	EndGlobalSection
	GlobalSection(ExtensibilityGlobals) = postSolution
		SolutionGuid = {539A95FF-32A4-49C3-BFDC-5C43EDD1B48C}
	EndGlobalSection
EndGlobal
