
Microsoft Visual Studio Solution File, Format Version 12.00
# Visual Studio 15
VisualStudioVersion = 15.0.27130.2026
MinimumVisualStudioVersion = 10.0.40219.1
Project("{FAE04EC0-301F-11D3-BF4B-00C04F79EFBC}") = "FormCore", "FormCore\FormCore.csproj", "{5EF547E7-78FA-49B0-9DCB-3A7B462B34A2}"
EndProject
Project("{FAE04EC0-301F-11D3-BF4B-00C04F79EFBC}") = "Sample", "Sample\backend\Sample.csproj", "{DFE6D20E-90A2-43D4-B7AA-F72AA33EC661}"
EndProject
Global
	GlobalSection(SolutionConfigurationPlatforms) = preSolution
		Debug|Any CPU = Debug|Any CPU
		Release|Any CPU = Release|Any CPU
	EndGlobalSection
	GlobalSection(ProjectConfigurationPlatforms) = postSolution
		{5EF547E7-78FA-49B0-9DCB-3A7B462B34A2}.Debug|Any CPU.ActiveCfg = Debug|Any CPU
		{5EF547E7-78FA-49B0-9DCB-3A7B462B34A2}.Debug|Any CPU.Build.0 = Debug|Any CPU
		{5EF547E7-78FA-49B0-9DCB-3A7B462B34A2}.Release|Any CPU.ActiveCfg = Release|Any CPU
		{5EF547E7-78FA-49B0-9DCB-3A7B462B34A2}.Release|Any CPU.Build.0 = Release|Any CPU
		{DFE6D20E-90A2-43D4-B7AA-F72AA33EC661}.Debug|Any CPU.ActiveCfg = Debug|Any CPU
		{DFE6D20E-90A2-43D4-B7AA-F72AA33EC661}.Debug|Any CPU.Build.0 = Debug|Any CPU
		{DFE6D20E-90A2-43D4-B7AA-F72AA33EC661}.Release|Any CPU.ActiveCfg = Release|Any CPU
		{DFE6D20E-90A2-43D4-B7AA-F72AA33EC661}.Release|Any CPU.Build.0 = Release|Any CPU
	EndGlobalSection
	GlobalSection(SolutionProperties) = preSolution
		HideSolutionNode = FALSE
	EndGlobalSection
	GlobalSection(ExtensibilityGlobals) = postSolution
		SolutionGuid = {1BAE36CC-8FB0-4384-BADD-35C0214074AC}
	EndGlobalSection
EndGlobal
